
Microsoft Visual Studio Solution File, Format Version 12.00
# Visual Studio Version 17
VisualStudioVersion = 17.4.33122.133
MinimumVisualStudioVersion = 10.0.40219.1
Project("{FAE04EC0-301F-11D3-BF4B-00C04F79EFBC}") = "Client_IMG", "Client_IMG\Client_IMG.csproj", "{15C5101C-7C5B-41EF-899F-7E7DBE80D8AA}"
EndProject
Global
	GlobalSection(SolutionConfigurationPlatforms) = preSolution
		Debug|Any CPU = Debug|Any CPU
		Release|Any CPU = Release|Any CPU
	EndGlobalSection
	GlobalSection(ProjectConfigurationPlatforms) = postSolution
		{15C5101C-7C5B-41EF-899F-7E7DBE80D8AA}.Debug|Any CPU.ActiveCfg = Debug|Any CPU
		{15C5101C-7C5B-41EF-899F-7E7DBE80D8AA}.Debug|Any CPU.Build.0 = Debug|Any CPU
		{15C5101C-7C5B-41EF-899F-7E7DBE80D8AA}.Release|Any CPU.ActiveCfg = Release|Any CPU
		{15C5101C-7C5B-41EF-899F-7E7DBE80D8AA}.Release|Any CPU.Build.0 = Release|Any CPU
	EndGlobalSection
	GlobalSection(SolutionProperties) = preSolution
		HideSolutionNode = FALSE
	EndGlobalSection
	GlobalSection(ExtensibilityGlobals) = postSolution
		SolutionGuid = {02CF0329-9082-4DE3-B777-28A5AA87701C}
	EndGlobalSection
EndGlobal
